
Microsoft Visual Studio Solution File, Format Version 12.00
# Visual Studio Version 16
VisualStudioVersion = 16.0.31911.196
MinimumVisualStudioVersion = 10.0.40219.1
Project("{FAE04EC0-301F-11D3-BF4B-00C04F79EFBC}") = "ConsoleApp_NonTicTacToe", "ConsoleApp_NonTicTacToe\ConsoleApp_NonTicTacToe.csproj", "{91DDEDCE-91C2-4C9E-99AA-F57FAC38B534}"
EndProject
Global
	GlobalSection(SolutionConfigurationPlatforms) = preSolution
		Debug|Any CPU = Debug|Any CPU
		Release|Any CPU = Release|Any CPU
	EndGlobalSection
	GlobalSection(ProjectConfigurationPlatforms) = postSolution
		{91DDEDCE-91C2-4C9E-99AA-F57FAC38B534}.Debug|Any CPU.ActiveCfg = Debug|Any CPU
		{91DDEDCE-91C2-4C9E-99AA-F57FAC38B534}.Debug|Any CPU.Build.0 = Debug|Any CPU
		{91DDEDCE-91C2-4C9E-99AA-F57FAC38B534}.Release|Any CPU.ActiveCfg = Release|Any CPU
		{91DDEDCE-91C2-4C9E-99AA-F57FAC38B534}.Release|Any CPU.Build.0 = Release|Any CPU
	EndGlobalSection
	GlobalSection(SolutionProperties) = preSolution
		HideSolutionNode = FALSE
	EndGlobalSection
	GlobalSection(ExtensibilityGlobals) = postSolution
		SolutionGuid = {729B553D-C8F2-4D1B-9706-B3906A541EF2}
	EndGlobalSection
EndGlobal
