
Microsoft Visual Studio Solution File, Format Version 12.00
# Visual Studio Version 16
VisualStudioVersion = 16.0.31911.196
MinimumVisualStudioVersion = 10.0.40219.1
Project("{FAE04EC0-301F-11D3-BF4B-00C04F79EFBC}") = "ConsoleApp3-K", "ConsoleApp3-K\ConsoleApp3-K.csproj", "{22C44616-F1E1-42A2-9FBE-5934CDAA53BD}"
EndProject
Global
	GlobalSection(SolutionConfigurationPlatforms) = preSolution
		Debug|Any CPU = Debug|Any CPU
		Release|Any CPU = Release|Any CPU
	EndGlobalSection
	GlobalSection(ProjectConfigurationPlatforms) = postSolution
		{22C44616-F1E1-42A2-9FBE-5934CDAA53BD}.Debug|Any CPU.ActiveCfg = Debug|Any CPU
		{22C44616-F1E1-42A2-9FBE-5934CDAA53BD}.Debug|Any CPU.Build.0 = Debug|Any CPU
		{22C44616-F1E1-42A2-9FBE-5934CDAA53BD}.Release|Any CPU.ActiveCfg = Release|Any CPU
		{22C44616-F1E1-42A2-9FBE-5934CDAA53BD}.Release|Any CPU.Build.0 = Release|Any CPU
	EndGlobalSection
	GlobalSection(SolutionProperties) = preSolution
		HideSolutionNode = FALSE
	EndGlobalSection
	GlobalSection(ExtensibilityGlobals) = postSolution
		SolutionGuid = {326A642B-70EA-4B2C-89DA-679A31A8D21D}
	EndGlobalSection
EndGlobal
